// !$*UTF8*$!
{
	archiveVersion = 1;
	classes = {
	};
	objectVersion = 110;
	objects = {

/* Begin PBXBuildFile section */
		3A301DB4301C678F004C7B4D /* heart.icon in Resources */ = {isa = PBXBuildFile; fileRef = 3A301DB3301C678F004C7B4D /* heart.icon */; };
		3A3091E43017080000431C96 /* AiboIngest in Frameworks */ = {isa = PBXBuildFile; productRef = 3A3091E13017080000431C96 /* AiboIngest */; };
		3A3091E53017080000431C96 /* AiboLLM in Frameworks */ = {isa = PBXBuildFile; productRef = 3A3091E23017080000431C96 /* AiboLLM */; };
		3A3091F53017090000431C96 /* AiboHook.swift in Sources */ = {isa = PBXBuildFile; fileRef = 3A3091F43017090000431C96 /* AiboHook.swift */; };
		3A3091F83017090000431C96 /* aibo-hook in Copy Helpers */ = {isa = PBXBuildFile; fileRef = 3A3091F03017090000431C96 /* aibo-hook */; settings = {ATTRIBUTES = (CodeSignOnCopy, ); }; };
		A1B0D5H13017090000431CB1 /* dsh-aibo in Copy DeepSeek Plugin */ = {isa = PBXBuildFile; fileRef = A1B0D5H13017090000431CA1 /* dsh-aibo */; };
		A1B0P0W43017080000431C96 /* Pow in Frameworks */ = {isa = PBXBuildFile; productRef = A1B0P0W23017080000431C96 /* Pow */; };
		B2C0M3D13017310000431C96 /* MediaRemoteAdapter in Frameworks */ = {isa = PBXBuildFile; productRef = B2C0M3D23017310000431C96 /* MediaRemoteAdapter */; };
		B2C0M3D43017310000431C96 /* MediaRemoteAdapter in Embed Frameworks */ = {isa = PBXBuildFile; productRef = B2C0M3D23017310000431C96 /* MediaRemoteAdapter */; settings = {ATTRIBUTES = (CodeSignOnCopy, RemoveHeadersOnCopy, ); }; };
/* End PBXBuildFile section */

/* Begin PBXContainerItemProxy section */
		3A3091F93017090000431C96 /* PBXContainerItemProxy */ = {
			isa = PBXContainerItemProxy;
			containerPortal = 3A3091C53017070E00431C96 /* Project object */;
			proxyType = 1;
			remoteGlobalIDString = 3A3091F13017090000431C96;
			remoteInfo = "aibo-hook";
		};
/* End PBXContainerItemProxy section */

/* Begin PBXCopyFilesBuildPhase section */
		3A3091F73017090000431C96 /* Copy Helpers */ = {
			isa = PBXCopyFilesBuildPhase;
			dstPath = Contents/Helpers;
			dstSubfolder = Wrapper;
			files = (
				3A3091F83017090000431C96 /* aibo-hook in Copy Helpers */,
			);
			name = "Copy Helpers";
		};
		A1B0D5H13017090000431CB0 /* Copy DeepSeek Plugin */ = {
			isa = PBXCopyFilesBuildPhase;
			dstPath = "";
			dstSubfolder = Resources;
			files = (
				A1B0D5H13017090000431CB1 /* dsh-aibo in Copy DeepSeek Plugin */,
			);
			name = "Copy DeepSeek Plugin";
		};
		B2C0M3D33017310000431C96 /* Embed Frameworks */ = {
			isa = PBXCopyFilesBuildPhase;
			dstPath = "";
			dstSubfolder = Frameworks;
			files = (
				B2C0M3D43017310000431C96 /* MediaRemoteAdapter in Embed Frameworks */,
			);
			name = "Embed Frameworks";
		};
/* End PBXCopyFilesBuildPhase section */

/* Begin PBXFileReference section */
		3A301DB3301C678F004C7B4D /* heart.icon */ = {isa = PBXFileReference; lastKnownFileType = folder.iconcomposer.icon; path = heart.icon; sourceTree = "<group>"; };
		3A3091CD3017070E00431C96 /* aibo.app */ = {isa = PBXFileReference; explicitFileType = wrapper.application; includeInIndex = 0; path = aibo.app; sourceTree = BUILT_PRODUCTS_DIR; };
		3A3091F03017090000431C96 /* aibo-hook */ = {isa = PBXFileReference; explicitFileType = "compiled.mach-o.executable"; includeInIndex = 0; path = "aibo-hook"; sourceTree = BUILT_PRODUCTS_DIR; };
		3A3091F43017090000431C96 /* AiboHook.swift */ = {isa = PBXFileReference; lastKnownFileType = sourcecode.swift; path = AiboHook.swift; sourceTree = "<group>"; };
		A1B0D5H13017090000431CA1 /* dsh-aibo */ = {isa = PBXFileReference; lastKnownFileType = folder; path = "dsh-aibo"; sourceTree = "<group>"; };
/* End PBXFileReference section */

/* Begin PBXFileSystemSynchronizedRootGroup section */
		3A3091CF3017070E00431C96 /* App */ = {
			isa = PBXFileSystemSynchronizedRootGroup;
			path = App;
			sourceTree = "<group>";
		};
/* End PBXFileSystemSynchronizedRootGroup section */

/* Begin PBXFrameworksBuildPhase section */
		3A3091CA3017070E00431C96 /* Frameworks */ = {
			isa = PBXFrameworksBuildPhase;
			files = (
				3A3091E43017080000431C96 /* AiboIngest in Frameworks */,
				3A3091E53017080000431C96 /* AiboLLM in Frameworks */,
				A1B0P0W43017080000431C96 /* Pow in Frameworks */,
				B2C0M3D13017310000431C96 /* MediaRemoteAdapter in Frameworks */,
			);
		};
		3A3091F33017090000431C96 /* Frameworks */ = {
			isa = PBXFrameworksBuildPhase;
			files = (
			);
		};
/* End PBXFrameworksBuildPhase section */

/* Begin PBXGroup section */
		3A3091C43017070E00431C96 = {
			isa = PBXGroup;
			children = (
				3A3091CF3017070E00431C96 /* App */,
				3A3091F63017090000431C96 /* Hook */,
				A1B0D5H13017090000431CA0 /* Plugins */,
				3A301DB3301C678F004C7B4D /* heart.icon */,
				3A3091CE3017070E00431C96 /* Products */,
			);
			sourceTree = "<group>";
		};
		3A3091CE3017070E00431C96 /* Products */ = {
			isa = PBXGroup;
			children = (
				3A3091CD3017070E00431C96 /* aibo.app */,
				3A3091F03017090000431C96 /* aibo-hook */,
			);
			name = Products;
			sourceTree = "<group>";
		};
		3A3091F63017090000431C96 /* Hook */ = {
			isa = PBXGroup;
			children = (
				3A3091F43017090000431C96 /* AiboHook.swift */,
			);
			path = Hook;
			sourceTree = "<group>";
		};
		A1B0D5H13017090000431CA0 /* Plugins */ = {
			isa = PBXGroup;
			children = (
				A1B0D5H13017090000431CA1 /* dsh-aibo */,
			);
			path = Plugins;
			sourceTree = "<group>";
		};
/* End PBXGroup section */

/* Begin PBXNativeTarget section */
		3A3091CC3017070E00431C96 /* aibo */ = {
			isa = PBXNativeTarget;
			buildConfigurationList = 3A3091D83017071000431C96 /* Build configuration list for PBXNativeTarget "aibo" */;
			buildPhases = (
				3A3091C93017070E00431C96 /* Sources */,
				3A3091CA3017070E00431C96 /* Frameworks */,
				3A3091CB3017070E00431C96 /* Resources */,
				3A3091F73017090000431C96 /* Copy Helpers */,
				A1B0D5H13017090000431CB0 /* Copy DeepSeek Plugin */,
				B2C0M3D33017310000431C96 /* Embed Frameworks */,
			);
			buildRules = (
			);
			dependencies = (
				3A3091FA3017090000431C96 /* PBXTargetDependency */,
			);
			fileSystemSynchronizedGroups = (
				3A3091CF3017070E00431C96 /* App */,
			);
			name = aibo;
			packageProductDependencies = (
				3A3091E13017080000431C96 /* AiboIngest */,
				3A3091E23017080000431C96 /* AiboLLM */,
				A1B0P0W23017080000431C96 /* Pow */,
				B2C0M3D23017310000431C96 /* MediaRemoteAdapter */,
			);
			productName = aibo;
			productReference = 3A3091CD3017070E00431C96 /* aibo.app */;
			productType = "com.apple.product-type.application";
		};
		3A3091F13017090000431C96 /* aibo-hook */ = {
			isa = PBXNativeTarget;
			buildConfigurationList = 3A3091FB3017090000431C96 /* Build configuration list for PBXNativeTarget "aibo-hook" */;
			buildPhases = (
				3A3091F23017090000431C96 /* Sources */,
				3A3091F33017090000431C96 /* Frameworks */,
			);
			buildRules = (
			);
			name = "aibo-hook";
			productName = "aibo-hook";
			productReference = 3A3091F03017090000431C96 /* aibo-hook */;
			productType = "com.apple.product-type.tool";
		};
/* End PBXNativeTarget section */

/* Begin PBXProject section */
		3A3091C53017070E00431C96 /* Project object */ = {
			isa = PBXProject;
			attributes = {
				BuildIndependentTargetsInParallel = 1;
				LastSwiftUpdateCheck = 2700;
				LastUpgradeCheck = 2700;
				TargetAttributes = {
					3A3091CC3017070E00431C96 = {
						CreatedOnToolsVersion = 27.0;
					};
					3A3091F13017090000431C96 = {
						CreatedOnToolsVersion = 27.0;
					};
				};
			};
			buildConfigurationList = 3A3091C83017070E00431C96 /* Build configuration list for PBXProject "aibo" */;
			developmentRegion = en;
			hasScannedForEncodings = 0;
			knownRegions = (
				en,
				Base,
			);
			mainGroup = 3A3091C43017070E00431C96;
			minimizedProjectReferenceProxies = 1;
			packageReferences = (
				3A3091E03017080000431C96 /* XCLocalSwiftPackageReference "AiboKit" */,
				A1B0P0W13017080000431C96 /* XCRemoteSwiftPackageReference "Pow" */,
				B2C0M3D03017310000431C96 /* XCLocalSwiftPackageReference "Vendor/MediaRemoteAdapter" */,
			);
			preferredProjectObjectVersion = 77;
			productRefGroup = 3A3091CE3017070E00431C96 /* Products */;
			projectDirPath = "";
			projectRoot = "";
			targets = (
				3A3091CC3017070E00431C96 /* aibo */,
				3A3091F13017090000431C96 /* aibo-hook */,
			);
		};
/* End PBXProject section */

/* Begin PBXResourcesBuildPhase section */
		3A3091CB3017070E00431C96 /* Resources */ = {
			isa = PBXResourcesBuildPhase;
			files = (
				3A301DB4301C678F004C7B4D /* heart.icon in Resources */,
			);
		};
/* End PBXResourcesBuildPhase section */

/* Begin PBXSourcesBuildPhase section */
		3A3091C93017070E00431C96 /* Sources */ = {
			isa = PBXSourcesBuildPhase;
			files = (
			);
		};
		3A3091F23017090000431C96 /* Sources */ = {
			isa = PBXSourcesBuildPhase;
			files = (
				3A3091F53017090000431C96 /* AiboHook.swift in Sources */,
			);
		};
/* End PBXSourcesBuildPhase section */

/* Begin PBXTargetDependency section */
		3A3091FA3017090000431C96 /* PBXTargetDependency */ = {
			isa = PBXTargetDependency;
			target = 3A3091F13017090000431C96 /* aibo-hook */;
			targetProxy = 3A3091F93017090000431C96 /* PBXContainerItemProxy */;
		};
/* End PBXTargetDependency section */

/* Begin XCBuildConfiguration section */
		3A3091D63017071000431C96 /* Debug configuration for PBXProject "aibo" */ = {
			isa = XCBuildConfiguration;
			buildSettings = {
				ALWAYS_SEARCH_USER_PATHS = NO;
				ASSETCATALOG_COMPILER_GENERATE_SWIFT_ASSET_SYMBOL_EXTENSIONS = YES;
				CLANG_ANALYZER_NONNULL = YES;
				CLANG_ANALYZER_NUMBER_OBJECT_CONVERSION = YES_AGGRESSIVE;
				CLANG_CXX_LANGUAGE_STANDARD = "gnu++20";
				CLANG_ENABLE_MODULES = YES;
				CLANG_ENABLE_OBJC_ARC = YES;
				CLANG_ENABLE_OBJC_WEAK = YES;
				CLANG_WARN_BLOCK_CAPTURE_AUTORELEASING = YES;
				CLANG_WARN_BOOL_CONVERSION = YES;
				CLANG_WARN_COMMA = YES;
				CLANG_WARN_CONSTANT_CONVERSION = YES;
				CLANG_WARN_DEPRECATED_OBJC_IMPLEMENTATIONS = YES;
				CLANG_WARN_DIRECT_OBJC_ISA_USAGE = YES_ERROR;
				CLANG_WARN_DOCUMENTATION_COMMENTS = YES;
				CLANG_WARN_EMPTY_BODY = YES;
				CLANG_WARN_ENUM_CONVERSION = YES;
				CLANG_WARN_INFINITE_RECURSION = YES;
				CLANG_WARN_INT_CONVERSION = YES;
				CLANG_WARN_NON_LITERAL_NULL_CONVERSION = YES;
				CLANG_WARN_OBJC_IMPLICIT_RETAIN_SELF = YES;
				CLANG_WARN_OBJC_LITERAL_CONVERSION = YES;
				CLANG_WARN_OBJC_ROOT_CLASS = YES_ERROR;
				CLANG_WARN_QUOTED_INCLUDE_IN_FRAMEWORK_HEADER = YES;
				CLANG_WARN_RANGE_LOOP_ANALYSIS = YES;
				CLANG_WARN_STRICT_PROTOTYPES = YES;
				CLANG_WARN_SUSPICIOUS_MOVE = YES;
				CLANG_WARN_UNGUARDED_AVAILABILITY = YES_AGGRESSIVE;
				CLANG_WARN_UNREACHABLE_CODE = YES;
				CLANG_WARN__DUPLICATE_METHOD_MATCH = YES;
				COPY_PHASE_STRIP = NO;
				DEBUG_INFORMATION_FORMAT = dwarf;
				DEVELOPMENT_TEAM = 5XHWFT9Z9U;
				ENABLE_STRICT_OBJC_MSGSEND = YES;
				ENABLE_TESTABILITY = YES;
				ENABLE_USER_SCRIPT_SANDBOXING = YES;
				GCC_C_LANGUAGE_STANDARD = gnu17;
				GCC_DYNAMIC_NO_PIC = NO;
				GCC_NO_COMMON_BLOCKS = YES;
				GCC_OPTIMIZATION_LEVEL = 0;
				GCC_PREPROCESSOR_DEFINITIONS = (
					"DEBUG=1",
					"$(inherited)",
				);
				GCC_WARN_64_TO_32_BIT_CONVERSION = YES;
				GCC_WARN_ABOUT_RETURN_TYPE = YES_ERROR;
				GCC_WARN_UNDECLARED_SELECTOR = YES;
				GCC_WARN_UNINITIALIZED_AUTOS = YES_AGGRESSIVE;
				GCC_WARN_UNUSED_FUNCTION = YES;
				GCC_WARN_UNUSED_VARIABLE = YES;
				LOCALIZATION_PREFERS_STRING_CATALOGS = YES;
				MACOSX_DEPLOYMENT_TARGET = 26.0;
				MTL_ENABLE_DEBUG_INFO = INCLUDE_SOURCE;
				MTL_FAST_MATH = YES;
				ONLY_ACTIVE_ARCH = YES;
				SDKROOT = macosx;
				SWIFT_ACTIVE_COMPILATION_CONDITIONS = "DEBUG $(inherited)";
				SWIFT_OPTIMIZATION_LEVEL = "-Onone";
			};
			name = Debug;
		};
		3A3091D73017071000431C96 /* Release configuration for PBXProject "aibo" */ = {
			isa = XCBuildConfiguration;
			buildSettings = {
				ALWAYS_SEARCH_USER_PATHS = NO;
				ASSETCATALOG_COMPILER_GENERATE_SWIFT_ASSET_SYMBOL_EXTENSIONS = YES;
				CLANG_ANALYZER_NONNULL = YES;
				CLANG_ANALYZER_NUMBER_OBJECT_CONVERSION = YES_AGGRESSIVE;
				CLANG_CXX_LANGUAGE_STANDARD = "gnu++20";
				CLANG_ENABLE_MODULES = YES;
				CLANG_ENABLE_OBJC_ARC = YES;
				CLANG_ENABLE_OBJC_WEAK = YES;
				CLANG_WARN_BLOCK_CAPTURE_AUTORELEASING = YES;
				CLANG_WARN_BOOL_CONVERSION = YES;
				CLANG_WARN_COMMA = YES;
				CLANG_WARN_CONSTANT_CONVERSION = YES;
				CLANG_WARN_DEPRECATED_OBJC_IMPLEMENTATIONS = YES;
				CLANG_WARN_DIRECT_OBJC_ISA_USAGE = YES_ERROR;
				CLANG_WARN_DOCUMENTATION_COMMENTS = YES;
				CLANG_WARN_EMPTY_BODY = YES;
				CLANG_WARN_ENUM_CONVERSION = YES;
				CLANG_WARN_INFINITE_RECURSION = YES;
				CLANG_WARN_INT_CONVERSION = YES;
				CLANG_WARN_NON_LITERAL_NULL_CONVERSION = YES;
				CLANG_WARN_OBJC_IMPLICIT_RETAIN_SELF = YES;
				CLANG_WARN_OBJC_LITERAL_CONVERSION = YES;
				CLANG_WARN_OBJC_ROOT_CLASS = YES_ERROR;
				CLANG_WARN_QUOTED_INCLUDE_IN_FRAMEWORK_HEADER = YES;
				CLANG_WARN_RANGE_LOOP_ANALYSIS = YES;
				CLANG_WARN_STRICT_PROTOTYPES = YES;
				CLANG_WARN_SUSPICIOUS_MOVE = YES;
				CLANG_WARN_UNGUARDED_AVAILABILITY = YES_AGGRESSIVE;
				CLANG_WARN_UNREACHABLE_CODE = YES;
				CLANG_WARN__DUPLICATE_METHOD_MATCH = YES;
				COPY_PHASE_STRIP = NO;
				DEBUG_INFORMATION_FORMAT = "dwarf-with-dsym";
				DEVELOPMENT_TEAM = 5XHWFT9Z9U;
				ENABLE_NS_ASSERTIONS = NO;
				ENABLE_STRICT_OBJC_MSGSEND = YES;
				ENABLE_USER_SCRIPT_SANDBOXING = YES;
				GCC_C_LANGUAGE_STANDARD = gnu17;
				GCC_NO_COMMON_BLOCKS = YES;
				GCC_WARN_64_TO_32_BIT_CONVERSION = YES;
				GCC_WARN_ABOUT_RETURN_TYPE = YES_ERROR;
				GCC_WARN_UNDECLARED_SELECTOR = YES;
				GCC_WARN_UNINITIALIZED_AUTOS = YES_AGGRESSIVE;
				GCC_WARN_UNUSED_FUNCTION = YES;
				GCC_WARN_UNUSED_VARIABLE = YES;
				LOCALIZATION_PREFERS_STRING_CATALOGS = YES;
				MACOSX_DEPLOYMENT_TARGET = 26.0;
				MTL_ENABLE_DEBUG_INFO = NO;
				MTL_FAST_MATH = YES;
				SDKROOT = macosx;
				SWIFT_COMPILATION_MODE = wholemodule;
			};
			name = Release;
		};
		3A3091D93017071000431C96 /* Debug configuration for PBXNativeTarget "aibo" */ = {
			isa = XCBuildConfiguration;
			buildSettings = {
				ASSETCATALOG_COMPILER_APPICON_NAME = heart;
				ASSETCATALOG_COMPILER_GLOBAL_ACCENT_COLOR_NAME = AccentColor;
				ASSETCATALOG_COMPILER_INCLUDE_ALL_APPICON_ASSETS = YES;
				CODE_SIGN_STYLE = Automatic;
				COMBINE_HIDPI_IMAGES = YES;
				CURRENT_PROJECT_VERSION = 1;
				DEVELOPMENT_TEAM = 5XHWFT9Z9U;
				ENABLE_APP_SANDBOX = NO;
				ENABLE_HARDENED_RUNTIME = YES;
				ENABLE_PREVIEWS = YES;
				ENABLE_USER_SELECTED_FILES = readonly;
				GENERATE_INFOPLIST_FILE = YES;
				INFOPLIST_KEY_CFBundleDisplayName = Aibo;
				INFOPLIST_KEY_LSApplicationCategoryType = "public.app-category.utilities";
				INFOPLIST_KEY_LSUIElement = YES;
				INFOPLIST_KEY_NSHumanReadableCopyright = "";
				LD_RUNPATH_SEARCH_PATHS = (
					"$(inherited)",
					"@executable_path/../Frameworks",
				);
				MACOSX_DEPLOYMENT_TARGET = 26.0;
				MARKETING_VERSION = 1.0;
				PRODUCT_BUNDLE_IDENTIFIER = work.fenx.aibo;
				PRODUCT_NAME = "$(TARGET_NAME)";
				REGISTER_APP_GROUPS = YES;
				STRING_CATALOG_GENERATE_SYMBOLS = YES;
				SWIFT_APPROACHABLE_CONCURRENCY = YES;
				SWIFT_DEFAULT_ACTOR_ISOLATION = MainActor;
				SWIFT_EMIT_LOC_STRINGS = YES;
				SWIFT_UPCOMING_FEATURE_MEMBER_IMPORT_VISIBILITY = YES;
				SWIFT_VERSION = 5.0;
			};
			name = Debug;
		};
		3A3091DA3017071000431C96 /* Release configuration for PBXNativeTarget "aibo" */ = {
			isa = XCBuildConfiguration;
			buildSettings = {
				ASSETCATALOG_COMPILER_APPICON_NAME = heart;
				ASSETCATALOG_COMPILER_GLOBAL_ACCENT_COLOR_NAME = AccentColor;
				ASSETCATALOG_COMPILER_INCLUDE_ALL_APPICON_ASSETS = YES;
				CODE_SIGN_STYLE = Automatic;
				COMBINE_HIDPI_IMAGES = YES;
				CURRENT_PROJECT_VERSION = 1;
				DEVELOPMENT_TEAM = 5XHWFT9Z9U;
				ENABLE_APP_SANDBOX = NO;
				ENABLE_HARDENED_RUNTIME = YES;
				ENABLE_PREVIEWS = YES;
				ENABLE_USER_SELECTED_FILES = readonly;
				GENERATE_INFOPLIST_FILE = YES;
				INFOPLIST_KEY_CFBundleDisplayName = Aibo;
				INFOPLIST_KEY_LSApplicationCategoryType = "public.app-category.utilities";
				INFOPLIST_KEY_LSUIElement = YES;
				INFOPLIST_KEY_NSHumanReadableCopyright = "";
				LD_RUNPATH_SEARCH_PATHS = (
					"$(inherited)",
					"@executable_path/../Frameworks",
				);
				MACOSX_DEPLOYMENT_TARGET = 26.0;
				MARKETING_VERSION = 1.0;
				PRODUCT_BUNDLE_IDENTIFIER = work.fenx.aibo;
				PRODUCT_NAME = "$(TARGET_NAME)";
				REGISTER_APP_GROUPS = YES;
				STRING_CATALOG_GENERATE_SYMBOLS = YES;
				SWIFT_APPROACHABLE_CONCURRENCY = YES;
				SWIFT_DEFAULT_ACTOR_ISOLATION = MainActor;
				SWIFT_EMIT_LOC_STRINGS = YES;
				SWIFT_UPCOMING_FEATURE_MEMBER_IMPORT_VISIBILITY = YES;
				SWIFT_VERSION = 5.0;
			};
			name = Release;
		};
		3A3091FC3017090000431C96 /* Debug configuration for PBXNativeTarget "aibo-hook" */ = {
			isa = XCBuildConfiguration;
			buildSettings = {
				CODE_SIGN_STYLE = Automatic;
				DEVELOPMENT_TEAM = 5XHWFT9Z9U;
				ENABLE_HARDENED_RUNTIME = YES;
				MACOSX_DEPLOYMENT_TARGET = 26.0;
				PRODUCT_BUNDLE_IDENTIFIER = work.fenx.aibo.hook;
				PRODUCT_NAME = "$(TARGET_NAME)";
				SKIP_INSTALL = YES;
				SWIFT_APPROACHABLE_CONCURRENCY = YES;
				SWIFT_EMIT_LOC_STRINGS = NO;
				SWIFT_UPCOMING_FEATURE_MEMBER_IMPORT_VISIBILITY = YES;
				SWIFT_VERSION = 5.0;
			};
			name = Debug;
		};
		3A3091FD3017090000431C96 /* Release configuration for PBXNativeTarget "aibo-hook" */ = {
			isa = XCBuildConfiguration;
			buildSettings = {
				CODE_SIGN_STYLE = Automatic;
				DEVELOPMENT_TEAM = 5XHWFT9Z9U;
				ENABLE_HARDENED_RUNTIME = YES;
				MACOSX_DEPLOYMENT_TARGET = 26.0;
				PRODUCT_BUNDLE_IDENTIFIER = work.fenx.aibo.hook;
				PRODUCT_NAME = "$(TARGET_NAME)";
				SKIP_INSTALL = YES;
				SWIFT_APPROACHABLE_CONCURRENCY = YES;
				SWIFT_EMIT_LOC_STRINGS = NO;
				SWIFT_UPCOMING_FEATURE_MEMBER_IMPORT_VISIBILITY = YES;
				SWIFT_VERSION = 5.0;
			};
			name = Release;
		};
/* End XCBuildConfiguration section */

/* Begin XCConfigurationList section */
		3A3091C83017070E00431C96 /* Build configuration list for PBXProject "aibo" */ = {
			isa = XCConfigurationList;
			buildConfigurations = (
				3A3091D63017071000431C96 /* Debug configuration for PBXProject "aibo" */,
				3A3091D73017071000431C96 /* Release configuration for PBXProject "aibo" */,
			);
			defaultConfigurationName = Release;
		};
		3A3091D83017071000431C96 /* Build configuration list for PBXNativeTarget "aibo" */ = {
			isa = XCConfigurationList;
			buildConfigurations = (
				3A3091D93017071000431C96 /* Debug configuration for PBXNativeTarget "aibo" */,
				3A3091DA3017071000431C96 /* Release configuration for PBXNativeTarget "aibo" */,
			);
			defaultConfigurationName = Release;
		};
		3A3091FB3017090000431C96 /* Build configuration list for PBXNativeTarget "aibo-hook" */ = {
			isa = XCConfigurationList;
			buildConfigurations = (
				3A3091FC3017090000431C96 /* Debug configuration for PBXNativeTarget "aibo-hook" */,
				3A3091FD3017090000431C96 /* Release configuration for PBXNativeTarget "aibo-hook" */,
			);
			defaultConfigurationName = Release;
		};
/* End XCConfigurationList section */

/* Begin XCLocalSwiftPackageReference section */
		3A3091E03017080000431C96 /* XCLocalSwiftPackageReference "AiboKit" */ = {
			isa = XCLocalSwiftPackageReference;
			relativePath = AiboKit;
		};
		B2C0M3D03017310000431C96 /* XCLocalSwiftPackageReference "Vendor/MediaRemoteAdapter" */ = {
			isa = XCLocalSwiftPackageReference;
			relativePath = Vendor/MediaRemoteAdapter;
		};
/* End XCLocalSwiftPackageReference section */

/* Begin XCRemoteSwiftPackageReference section */
		A1B0P0W13017080000431C96 /* XCRemoteSwiftPackageReference "Pow" */ = {
			isa = XCRemoteSwiftPackageReference;
			repositoryURL = "https://github.com/EmergeTools/Pow";
			requirement = {
				kind = upToNextMajorVersion;
				minimumVersion = 1.0.5;
			};
		};
/* End XCRemoteSwiftPackageReference section */

/* Begin XCSwiftPackageProductDependency section */
		3A3091E13017080000431C96 /* AiboIngest */ = {
			isa = XCSwiftPackageProductDependency;
			package = 3A3091E03017080000431C96 /* XCLocalSwiftPackageReference "AiboKit" */;
			productName = AiboIngest;
		};
		3A3091E23017080000431C96 /* AiboLLM */ = {
			isa = XCSwiftPackageProductDependency;
			package = 3A3091E03017080000431C96 /* XCLocalSwiftPackageReference "AiboKit" */;
			productName = AiboLLM;
		};
		A1B0P0W23017080000431C96 /* Pow */ = {
			isa = XCSwiftPackageProductDependency;
			package = A1B0P0W13017080000431C96 /* XCRemoteSwiftPackageReference "Pow" */;
			productName = Pow;
		};
		B2C0M3D23017310000431C96 /* MediaRemoteAdapter */ = {
			isa = XCSwiftPackageProductDependency;
			package = B2C0M3D03017310000431C96 /* XCLocalSwiftPackageReference "Vendor/MediaRemoteAdapter" */;
			productName = MediaRemoteAdapter;
		};
/* End XCSwiftPackageProductDependency section */
	};
	rootObject = 3A3091C53017070E00431C96 /* Project object */;
	validationLevel = 1;
}
